
Microsoft Visual Studio Solution File, Format Version 12.00
# Visual Studio Version 17
VisualStudioVersion = 17.8.34330.188
MinimumVisualStudioVersion = 10.0.40219.1
Project("{FAE04EC0-301F-11D3-BF4B-00C04F79EFBC}") = "SoldierFit", "SoldierFit\SoldierFit.csproj", "{281484AD-DAED-45B6-A96D-0C4AC9C5EE9F}"
EndProject
Global
	GlobalSection(SolutionConfigurationPlatforms) = preSolution
		Debug|Any CPU = Debug|Any CPU
		Release|Any CPU = Release|Any CPU
	EndGlobalSection
	GlobalSection(ProjectConfigurationPlatforms) = postSolution
		{281484AD-DAED-45B6-A96D-0C4AC9C5EE9F}.Debug|Any CPU.ActiveCfg = Debug|Any CPU
		{281484AD-DAED-45B6-A96D-0C4AC9C5EE9F}.Debug|Any CPU.Build.0 = Debug|Any CPU
		{281484AD-DAED-45B6-A96D-0C4AC9C5EE9F}.Release|Any CPU.ActiveCfg = Release|Any CPU
		{281484AD-DAED-45B6-A96D-0C4AC9C5EE9F}.Release|Any CPU.Build.0 = Release|Any CPU
	EndGlobalSection
	GlobalSection(SolutionProperties) = preSolution
		HideSolutionNode = FALSE
	EndGlobalSection
	GlobalSection(ExtensibilityGlobals) = postSolution
		SolutionGuid = {38471284-F968-4F72-AF96-B4A53F23FAFD}
	EndGlobalSection
EndGlobal
